
Microsoft Visual Studio Solution File, Format Version 12.00
# Visual Studio Version 17
VisualStudioVersion = 17.5.002.0
MinimumVisualStudioVersion = 10.0.40219.1
Project("{9A19103F-16F7-4668-BE54-9A1E7A4F7556}") = "API", "API.csproj", "{26E038D7-CF31-447D-9650-B1A976B0FFFE}"
EndProject
Global
	GlobalSection(SolutionConfigurationPlatforms) = preSolution
		Debug|Any CPU = Debug|Any CPU
		Release|Any CPU = Release|Any CPU
	EndGlobalSection
	GlobalSection(ProjectConfigurationPlatforms) = postSolution
		{26E038D7-CF31-447D-9650-B1A976B0FFFE}.Debug|Any CPU.ActiveCfg = Debug|Any CPU
		{26E038D7-CF31-447D-9650-B1A976B0FFFE}.Debug|Any CPU.Build.0 = Debug|Any CPU
		{26E038D7-CF31-447D-9650-B1A976B0FFFE}.Release|Any CPU.ActiveCfg = Release|Any CPU
		{26E038D7-CF31-447D-9650-B1A976B0FFFE}.Release|Any CPU.Build.0 = Release|Any CPU
	EndGlobalSection
	GlobalSection(SolutionProperties) = preSolution
		HideSolutionNode = FALSE
	EndGlobalSection
	GlobalSection(ExtensibilityGlobals) = postSolution
		SolutionGuid = {703F1A68-100C-4C2A-B233-AE9356CEBC50}
	EndGlobalSection
EndGlobal
